// !$*UTF8*$!
{
	archiveVersion = 1;
	classes = {
	};
	objectVersion = 56;
	objects = {

/* Begin PBXBuildFile section */
		63016C8F2C25CE5B000D1CB2 /* StoreDataProviderTests.swift in Sources */ = {isa = PBXBuildFile; fileRef = 632BAE2F2C25850C006474F5 /* StoreDataProviderTests.swift */; };
		63016C902C25D45C000D1CB2 /* LoginViewModelTests.swift in Sources */ = {isa = PBXBuildFile; fileRef = 632BAE392C25850C006474F5 /* LoginViewModelTests.swift */; };
		63016C922C25D52B000D1CB2 /* ApiProviderMock.swift in Sources */ = {isa = PBXBuildFile; fileRef = 63016C912C25D52B000D1CB2 /* ApiProviderMock.swift */; };
		63130C452B8E050400FCC11D /* AppDelegate.swift in Sources */ = {isa = PBXBuildFile; fileRef = 63130C442B8E050400FCC11D /* AppDelegate.swift */; };
		63130C472B8E050400FCC11D /* SceneDelegate.swift in Sources */ = {isa = PBXBuildFile; fileRef = 63130C462B8E050400FCC11D /* SceneDelegate.swift */; };
		63130C4E2B8E050700FCC11D /* Assets.xcassets in Resources */ = {isa = PBXBuildFile; fileRef = 63130C4D2B8E050700FCC11D /* Assets.xcassets */; };
		63130C512B8E050700FCC11D /* LaunchScreen.storyboard in Resources */ = {isa = PBXBuildFile; fileRef = 63130C4F2B8E050700FCC11D /* LaunchScreen.storyboard */; };
		63130C662B8E050800FCC11D /* Practica_IOS_AvanzadoUITests.swift in Sources */ = {isa = PBXBuildFile; fileRef = 63130C652B8E050800FCC11D /* Practica_IOS_AvanzadoUITests.swift */; };
		63130C682B8E050800FCC11D /* Practica_IOS_AvanzadoUITestsLaunchTests.swift in Sources */ = {isa = PBXBuildFile; fileRef = 63130C672B8E050800FCC11D /* Practica_IOS_AvanzadoUITestsLaunchTests.swift */; };
		63130C772B8E063900FCC11D /* ApiProvider.swift in Sources */ = {isa = PBXBuildFile; fileRef = 63130C762B8E063900FCC11D /* ApiProvider.swift */; };
		63130C7C2B8E065B00FCC11D /* SecureDataKeychain.swift in Sources */ = {isa = PBXBuildFile; fileRef = 63130C7B2B8E065B00FCC11D /* SecureDataKeychain.swift */; };
		63130C902B8E073900FCC11D /* SplashViewController.swift in Sources */ = {isa = PBXBuildFile; fileRef = 63130C8E2B8E073900FCC11D /* SplashViewController.swift */; };
		63130C932B8E073900FCC11D /* SplashViewController.xib in Resources */ = {isa = PBXBuildFile; fileRef = 63130C8F2B8E073900FCC11D /* SplashViewController.xib */; };
		63130C982B8E075100FCC11D /* LoginController.swift in Sources */ = {isa = PBXBuildFile; fileRef = 63130C962B8E075100FCC11D /* LoginController.swift */; };
		63130C9B2B8E075100FCC11D /* LoginController.xib in Resources */ = {isa = PBXBuildFile; fileRef = 63130C972B8E075100FCC11D /* LoginController.xib */; };
		63130C9F2B8E076100FCC11D /* LoginViewModel.swift in Sources */ = {isa = PBXBuildFile; fileRef = 63130C9E2B8E076100FCC11D /* LoginViewModel.swift */; };
		63130CD22B91F4FD00FCC11D /* Model.xcdatamodeld in Sources */ = {isa = PBXBuildFile; fileRef = 63130CD02B91F4FD00FCC11D /* Model.xcdatamodeld */; };
		63130CD82B91FA7900FCC11D /* NSMHero.swift in Sources */ = {isa = PBXBuildFile; fileRef = 63130CD62B91FA7900FCC11D /* NSMHero.swift */; };
		63130CE22B91FAE300FCC11D /* NSMTransformation.swift in Sources */ = {isa = PBXBuildFile; fileRef = 63130CDE2B91FAE300FCC11D /* NSMTransformation.swift */; };
		63130CE82B91FAE300FCC11D /* NSMLocation.swift in Sources */ = {isa = PBXBuildFile; fileRef = 63130CE02B91FAE300FCC11D /* NSMLocation.swift */; };
		632359842C2979210048528D /* HomeViewModelTests.swift in Sources */ = {isa = PBXBuildFile; fileRef = 632BAE382C25850C006474F5 /* HomeViewModelTests.swift */; };
		632359882C298A320048528D /* HeroDetailViewModelTests.swift in Sources */ = {isa = PBXBuildFile; fileRef = 632BAE362C25850C006474F5 /* HeroDetailViewModelTests.swift */; };
		632BAE3C2C25850C006474F5 /* heroes.json in Resources */ = {isa = PBXBuildFile; fileRef = 632BAE262C25850C006474F5 /* heroes.json */; };
		632BAE3D2C25850C006474F5 /* locations.json in Resources */ = {isa = PBXBuildFile; fileRef = 632BAE272C25850C006474F5 /* locations.json */; };
		632BAE3E2C25850C006474F5 /* SecureDataProviderMock.swift in Sources */ = {isa = PBXBuildFile; fileRef = 632BAE282C25850C006474F5 /* SecureDataProviderMock.swift */; };
		632BAE3F2C25850C006474F5 /* MockURLProtocol.swift in Sources */ = {isa = PBXBuildFile; fileRef = 632BAE292C25850C006474F5 /* MockURLProtocol.swift */; };
		632BAE402C25850C006474F5 /* transformations.json in Resources */ = {isa = PBXBuildFile; fileRef = 632BAE2A2C25850C006474F5 /* transformations.json */; };
		632BAE422C25850C006474F5 /* ApiProviderTests.swift in Sources */ = {isa = PBXBuildFile; fileRef = 632BAE2E2C25850C006474F5 /* ApiProviderTests.swift */; };
		63462B322C187FF400154F83 /* HeroDetailUseCase.swift in Sources */ = {isa = PBXBuildFile; fileRef = 63462B2D2C187FF400154F83 /* HeroDetailUseCase.swift */; };
		63462B332C187FF400154F83 /* HeroesUseCase.swift in Sources */ = {isa = PBXBuildFile; fileRef = 63462B2E2C187FF400154F83 /* HeroesUseCase.swift */; };
		63462B352C187FF400154F83 /* TransformationTableUseCase.swift in Sources */ = {isa = PBXBuildFile; fileRef = 63462B302C187FF400154F83 /* TransformationTableUseCase.swift */; };
		63462B3A2C18804600154F83 /* String+Utils.swift in Sources */ = {isa = PBXBuildFile; fileRef = 63462B362C18804600154F83 /* String+Utils.swift */; };
		63462B4A2C18806E00154F83 /* HeroDetailViewModel.swift in Sources */ = {isa = PBXBuildFile; fileRef = 63462B3D2C18806E00154F83 /* HeroDetailViewModel.swift */; };
		63462B4B2C18806E00154F83 /* HomeViewModel.swift in Sources */ = {isa = PBXBuildFile; fileRef = 63462B3F2C18806E00154F83 /* HomeViewModel.swift */; };
		63462B4E2C18806E00154F83 /* TransformationDetailViewModel.swift in Sources */ = {isa = PBXBuildFile; fileRef = 63462B452C18806E00154F83 /* TransformationDetailViewModel.swift */; };
		63462B692C18807700154F83 /* HeroDetailViewController.swift in Sources */ = {isa = PBXBuildFile; fileRef = 63462B502C18807700154F83 /* HeroDetailViewController.swift */; };
		63462B6A2C18807700154F83 /* HeroDetailViewController.xib in Resources */ = {isa = PBXBuildFile; fileRef = 63462B512C18807700154F83 /* HeroDetailViewController.xib */; };
		63462B7F2C18835300154F83 /* HomeTableViewController.swift in Sources */ = {isa = PBXBuildFile; fileRef = 63462B562C18807700154F83 /* HomeTableViewController.swift */; };
		63462B802C18835300154F83 /* HeroTableViewCell.swift in Sources */ = {isa = PBXBuildFile; fileRef = 63462B532C18807700154F83 /* HeroTableViewCell.swift */; };
		63462B822C18835300154F83 /* TransformationDetailViewController.swift in Sources */ = {isa = PBXBuildFile; fileRef = 63462B5F2C18807700154F83 /* TransformationDetailViewController.swift */; };
		63462B832C18835300154F83 /* HomeTableViewController.xib in Resources */ = {isa = PBXBuildFile; fileRef = 63462B572C18807700154F83 /* HomeTableViewController.xib */; };
		63462B842C18835300154F83 /* TransformationDetailViewController.xib in Resources */ = {isa = PBXBuildFile; fileRef = 63462B602C18807700154F83 /* TransformationDetailViewController.xib */; };
		63462B872C18835300154F83 /* HeroTableViewCell.xib in Resources */ = {isa = PBXBuildFile; fileRef = 63462B542C18807700154F83 /* HeroTableViewCell.xib */; };
		6362B0D12C18843800B08791 /* UIImageView+Remote.swift in Sources */ = {isa = PBXBuildFile; fileRef = 63462B372C18804600154F83 /* UIImageView+Remote.swift */; };
		6362B0D52C18856E00B08791 /* KeychainSwift in Frameworks */ = {isa = PBXBuildFile; productRef = 6362B0D42C18856E00B08791 /* KeychainSwift */; };
		6362B0D82C18857600B08791 /* Kingfisher in Frameworks */ = {isa = PBXBuildFile; productRef = 6362B0D72C18857600B08791 /* Kingfisher */; };
		6362B0DD2C18871900B08791 /* HeroModel.swift in Sources */ = {isa = PBXBuildFile; fileRef = 6362B0D92C18871900B08791 /* HeroModel.swift */; };
		6362B0DE2C18871900B08791 /* TransformationModel.swift in Sources */ = {isa = PBXBuildFile; fileRef = 6362B0DA2C18871900B08791 /* TransformationModel.swift */; };
		6362B0DF2C18871900B08791 /* StatusLoad.swift in Sources */ = {isa = PBXBuildFile; fileRef = 6362B0DB2C18871900B08791 /* StatusLoad.swift */; };
		6362B0E02C18871900B08791 /* LoginStatusLoad.swift in Sources */ = {isa = PBXBuildFile; fileRef = 6362B0DC2C18871900B08791 /* LoginStatusLoad.swift */; };
		6362B0E22C18877E00B08791 /* NetworkError.swift in Sources */ = {isa = PBXBuildFile; fileRef = 6362B0E12C18877E00B08791 /* NetworkError.swift */; };
		6362B0E42C1888D800B08791 /* Location.swift in Sources */ = {isa = PBXBuildFile; fileRef = 6362B0E32C1888D800B08791 /* Location.swift */; };
		639217852C1C39BA005274C4 /* HeroAnnotation.swift in Sources */ = {isa = PBXBuildFile; fileRef = 63130CB22B8E07AB00FCC11D /* HeroAnnotation.swift */; };
		639217862C1C3BB9005274C4 /* HeroAnnotationView.swift in Sources */ = {isa = PBXBuildFile; fileRef = 63130CB62B8E07B800FCC11D /* HeroAnnotationView.swift */; };
		639217882C1C3FC0005274C4 /* LocationUseCase.swift in Sources */ = {isa = PBXBuildFile; fileRef = 639217872C1C3FC0005274C4 /* LocationUseCase.swift */; };
		6392178A2C1C58FD005274C4 /* Date+Utils.swift in Sources */ = {isa = PBXBuildFile; fileRef = 639217892C1C58FD005274C4 /* Date+Utils.swift */; };
		63C3EB5D2B939D7F0052D13D /* StoreDataProvider.swift in Sources */ = {isa = PBXBuildFile; fileRef = 63C3EB5C2B939D7F0052D13D /* StoreDataProvider.swift */; };
		63D74F842C19B73100F6D181 /* TransformationCollectionViewCell.swift in Sources */ = {isa = PBXBuildFile; fileRef = 63D74F822C19B73100F6D181 /* TransformationCollectionViewCell.swift */; };
		63D74F852C19B73100F6D181 /* TransformationCollectionViewCell.xib in Resources */ = {isa = PBXBuildFile; fileRef = 63D74F832C19B73100F6D181 /* TransformationCollectionViewCell.xib */; };
/* End PBXBuildFile section */

/* Begin PBXContainerItemProxy section */
		63130C582B8E050800FCC11D /* PBXContainerItemProxy */ = {
			isa = PBXContainerItemProxy;
			containerPortal = 63130C392B8E050400FCC11D /* Project object */;
			proxyType = 1;
			remoteGlobalIDString = 63130C402B8E050400FCC11D;
			remoteInfo = Practica_IOS_Avanzado;
		};
		63130C622B8E050800FCC11D /* PBXContainerItemProxy */ = {
			isa = PBXContainerItemProxy;
			containerPortal = 63130C392B8E050400FCC11D /* Project object */;
			proxyType = 1;
			remoteGlobalIDString = 63130C402B8E050400FCC11D;
			remoteInfo = Practica_IOS_Avanzado;
		};
/* End PBXContainerItemProxy section */

/* Begin PBXFileReference section */
		63016C912C25D52B000D1CB2 /* ApiProviderMock.swift */ = {isa = PBXFileReference; lastKnownFileType = sourcecode.swift; path = ApiProviderMock.swift; sourceTree = "<group>"; };
		63130C412B8E050400FCC11D /* Practica_IOS_Avanzado.app */ = {isa = PBXFileReference; explicitFileType = wrapper.application; includeInIndex = 0; path = Practica_IOS_Avanzado.app; sourceTree = BUILT_PRODUCTS_DIR; };
		63130C442B8E050400FCC11D /* AppDelegate.swift */ = {isa = PBXFileReference; lastKnownFileType = sourcecode.swift; path = AppDelegate.swift; sourceTree = "<group>"; };
		63130C462B8E050400FCC11D /* SceneDelegate.swift */ = {isa = PBXFileReference; lastKnownFileType = sourcecode.swift; path = SceneDelegate.swift; sourceTree = "<group>"; };
		63130C4D2B8E050700FCC11D /* Assets.xcassets */ = {isa = PBXFileReference; lastKnownFileType = folder.assetcatalog; path = Assets.xcassets; sourceTree = "<group>"; };
		63130C502B8E050700FCC11D /* Base */ = {isa = PBXFileReference; lastKnownFileType = file.storyboard; name = Base; path = Base.lproj/LaunchScreen.storyboard; sourceTree = "<group>"; };
		63130C522B8E050700FCC11D /* Info.plist */ = {isa = PBXFileReference; lastKnownFileType = text.plist.xml; path = Info.plist; sourceTree = "<group>"; };
		63130C572B8E050800FCC11D /* Practica_IOS_AvanzadoTests.xctest */ = {isa = PBXFileReference; explicitFileType = wrapper.cfbundle; includeInIndex = 0; path = Practica_IOS_AvanzadoTests.xctest; sourceTree = BUILT_PRODUCTS_DIR; };
		63130C612B8E050800FCC11D /* Practica_IOS_AvanzadoUITests.xctest */ = {isa = PBXFileReference; explicitFileType = wrapper.cfbundle; includeInIndex = 0; path = Practica_IOS_AvanzadoUITests.xctest; sourceTree = BUILT_PRODUCTS_DIR; };
		63130C652B8E050800FCC11D /* Practica_IOS_AvanzadoUITests.swift */ = {isa = PBXFileReference; lastKnownFileType = sourcecode.swift; path = Practica_IOS_AvanzadoUITests.swift; sourceTree = "<group>"; };
		63130C672B8E050800FCC11D /* Practica_IOS_AvanzadoUITestsLaunchTests.swift */ = {isa = PBXFileReference; lastKnownFileType = sourcecode.swift; path = Practica_IOS_AvanzadoUITestsLaunchTests.swift; sourceTree = "<group>"; };
		63130C762B8E063900FCC11D /* ApiProvider.swift */ = {isa = PBXFileReference; lastKnownFileType = sourcecode.swift; path = ApiProvider.swift; sourceTree = "<group>"; };
		63130C7B2B8E065B00FCC11D /* SecureDataKeychain.swift */ = {isa = PBXFileReference; lastKnownFileType = sourcecode.swift; path = SecureDataKeychain.swift; sourceTree = "<group>"; };
		63130C8E2B8E073900FCC11D /* SplashViewController.swift */ = {isa = PBXFileReference; lastKnownFileType = sourcecode.swift; path = SplashViewController.swift; sourceTree = "<group>"; };
		63130C8F2B8E073900FCC11D /* SplashViewController.xib */ = {isa = PBXFileReference; lastKnownFileType = file.xib; path = SplashViewController.xib; sourceTree = "<group>"; };
		63130C962B8E075100FCC11D /* LoginController.swift */ = {isa = PBXFileReference; lastKnownFileType = sourcecode.swift; path = LoginController.swift; sourceTree = "<group>"; };
		63130C972B8E075100FCC11D /* LoginController.xib */ = {isa = PBXFileReference; lastKnownFileType = file.xib; path = LoginController.xib; sourceTree = "<group>"; };
		63130C9E2B8E076100FCC11D /* LoginViewModel.swift */ = {isa = PBXFileReference; lastKnownFileType = sourcecode.swift; path = LoginViewModel.swift; sourceTree = "<group>"; };
		63130CB22B8E07AB00FCC11D /* HeroAnnotation.swift */ = {isa = PBXFileReference; lastKnownFileType = sourcecode.swift; path = HeroAnnotation.swift; sourceTree = "<group>"; };
		63130CB62B8E07B800FCC11D /* HeroAnnotationView.swift */ = {isa = PBXFileReference; lastKnownFileType = sourcecode.swift; path = HeroAnnotationView.swift; sourceTree = "<group>"; };
		63130CD12B91F4FD00FCC11D /* Model.xcdatamodel */ = {isa = PBXFileReference; lastKnownFileType = wrapper.xcdatamodel; path = Model.xcdatamodel; sourceTree = "<group>"; };
		63130CD62B91FA7900FCC11D /* NSMHero.swift */ = {isa = PBXFileReference; lastKnownFileType = sourcecode.swift; path = NSMHero.swift; sourceTree = "<group>"; };
		63130CDE2B91FAE300FCC11D /* NSMTransformation.swift */ = {isa = PBXFileReference; lastKnownFileType = sourcecode.swift; path = NSMTransformation.swift; sourceTree = "<group>"; };
		63130CE02B91FAE300FCC11D /* NSMLocation.swift */ = {isa = PBXFileReference; lastKnownFileType = sourcecode.swift; path = NSMLocation.swift; sourceTree = "<group>"; };
		632BAE262C25850C006474F5 /* heroes.json */ = {isa = PBXFileReference; fileEncoding = 4; lastKnownFileType = text.json; path = heroes.json; sourceTree = "<group>"; };
		632BAE272C25850C006474F5 /* locations.json */ = {isa = PBXFileReference; fileEncoding = 4; lastKnownFileType = text.json; path = locations.json; sourceTree = "<group>"; };
		632BAE282C25850C006474F5 /* SecureDataProviderMock.swift */ = {isa = PBXFileReference; fileEncoding = 4; lastKnownFileType = sourcecode.swift; path = SecureDataProviderMock.swift; sourceTree = "<group>"; };
		632BAE292C25850C006474F5 /* MockURLProtocol.swift */ = {isa = PBXFileReference; fileEncoding = 4; lastKnownFileType = sourcecode.swift; path = MockURLProtocol.swift; sourceTree = "<group>"; };
		632BAE2A2C25850C006474F5 /* transformations.json */ = {isa = PBXFileReference; fileEncoding = 4; lastKnownFileType = text.json; path = transformations.json; sourceTree = "<group>"; };
		632BAE2E2C25850C006474F5 /* ApiProviderTests.swift */ = {isa = PBXFileReference; fileEncoding = 4; lastKnownFileType = sourcecode.swift; path = ApiProviderTests.swift; sourceTree = "<group>"; };
		632BAE2F2C25850C006474F5 /* StoreDataProviderTests.swift */ = {isa = PBXFileReference; fileEncoding = 4; lastKnownFileType = sourcecode.swift; path = StoreDataProviderTests.swift; sourceTree = "<group>"; };
		632BAE362C25850C006474F5 /* HeroDetailViewModelTests.swift */ = {isa = PBXFileReference; fileEncoding = 4; lastKnownFileType = sourcecode.swift; path = HeroDetailViewModelTests.swift; sourceTree = "<group>"; };
		632BAE382C25850C006474F5 /* HomeViewModelTests.swift */ = {isa = PBXFileReference; fileEncoding = 4; lastKnownFileType = sourcecode.swift; path = HomeViewModelTests.swift; sourceTree = "<group>"; };
		632BAE392C25850C006474F5 /* LoginViewModelTests.swift */ = {isa = PBXFileReference; fileEncoding = 4; lastKnownFileType = sourcecode.swift; path = LoginViewModelTests.swift; sourceTree = "<group>"; };
		63462B2D2C187FF400154F83 /* HeroDetailUseCase.swift */ = {isa = PBXFileReference; fileEncoding = 4; lastKnownFileType = sourcecode.swift; path = HeroDetailUseCase.swift; sourceTree = "<group>"; };
		63462B2E2C187FF400154F83 /* HeroesUseCase.swift */ = {isa = PBXFileReference; fileEncoding = 4; lastKnownFileType = sourcecode.swift; path = HeroesUseCase.swift; sourceTree = "<group>"; };
		63462B302C187FF400154F83 /* TransformationTableUseCase.swift */ = {isa = PBXFileReference; fileEncoding = 4; lastKnownFileType = sourcecode.swift; path = TransformationTableUseCase.swift; sourceTree = "<group>"; };
		63462B362C18804600154F83 /* String+Utils.swift */ = {isa = PBXFileReference; fileEncoding = 4; lastKnownFileType = sourcecode.swift; path = "String+Utils.swift"; sourceTree = "<group>"; };
		63462B372C18804600154F83 /* UIImageView+Remote.swift */ = {isa = PBXFileReference; fileEncoding = 4; lastKnownFileType = sourcecode.swift; path = "UIImageView+Remote.swift"; sourceTree = "<group>"; };
		63462B3D2C18806E00154F83 /* HeroDetailViewModel.swift */ = {isa = PBXFileReference; fileEncoding = 4; lastKnownFileType = sourcecode.swift; path = HeroDetailViewModel.swift; sourceTree = "<group>"; };
		63462B3F2C18806E00154F83 /* HomeViewModel.swift */ = {isa = PBXFileReference; fileEncoding = 4; lastKnownFileType = sourcecode.swift; path = HomeViewModel.swift; sourceTree = "<group>"; };
		63462B452C18806E00154F83 /* TransformationDetailViewModel.swift */ = {isa = PBXFileReference; fileEncoding = 4; lastKnownFileType = sourcecode.swift; path = TransformationDetailViewModel.swift; sourceTree = "<group>"; };
		63462B502C18807700154F83 /* HeroDetailViewController.swift */ = {isa = PBXFileReference; fileEncoding = 4; lastKnownFileType = sourcecode.swift; path = HeroDetailViewController.swift; sourceTree = "<group>"; };
		63462B512C18807700154F83 /* HeroDetailViewController.xib */ = {isa = PBXFileReference; fileEncoding = 4; lastKnownFileType = file.xib; path = HeroDetailViewController.xib; sourceTree = "<group>"; };
		63462B532C18807700154F83 /* HeroTableViewCell.swift */ = {isa = PBXFileReference; fileEncoding = 4; lastKnownFileType = sourcecode.swift; path = HeroTableViewCell.swift; sourceTree = "<group>"; };
		63462B542C18807700154F83 /* HeroTableViewCell.xib */ = {isa = PBXFileReference; fileEncoding = 4; lastKnownFileType = file.xib; path = HeroTableViewCell.xib; sourceTree = "<group>"; };
		63462B562C18807700154F83 /* HomeTableViewController.swift */ = {isa = PBXFileReference; fileEncoding = 4; lastKnownFileType = sourcecode.swift; path = HomeTableViewController.swift; sourceTree = "<group>"; };
		63462B572C18807700154F83 /* HomeTableViewController.xib */ = {isa = PBXFileReference; fileEncoding = 4; lastKnownFileType = file.xib; path = HomeTableViewController.xib; sourceTree = "<group>"; };
		63462B5F2C18807700154F83 /* TransformationDetailViewController.swift */ = {isa = PBXFileReference; fileEncoding = 4; lastKnownFileType = sourcecode.swift; path = TransformationDetailViewController.swift; sourceTree = "<group>"; };
		63462B602C18807700154F83 /* TransformationDetailViewController.xib */ = {isa = PBXFileReference; fileEncoding = 4; lastKnownFileType = file.xib; path = TransformationDetailViewController.xib; sourceTree = "<group>"; };
		6362B0D92C18871900B08791 /* HeroModel.swift */ = {isa = PBXFileReference; fileEncoding = 4; lastKnownFileType = sourcecode.swift; path = HeroModel.swift; sourceTree = "<group>"; };
		6362B0DA2C18871900B08791 /* TransformationModel.swift */ = {isa = PBXFileReference; fileEncoding = 4; lastKnownFileType = sourcecode.swift; path = TransformationModel.swift; sourceTree = "<group>"; };
		6362B0DB2C18871900B08791 /* StatusLoad.swift */ = {isa = PBXFileReference; fileEncoding = 4; lastKnownFileType = sourcecode.swift; path = StatusLoad.swift; sourceTree = "<group>"; };
		6362B0DC2C18871900B08791 /* LoginStatusLoad.swift */ = {isa = PBXFileReference; fileEncoding = 4; lastKnownFileType = sourcecode.swift; path = LoginStatusLoad.swift; sourceTree = "<group>"; };
		6362B0E12C18877E00B08791 /* NetworkError.swift */ = {isa = PBXFileReference; fileEncoding = 4; lastKnownFileType = sourcecode.swift; path = NetworkError.swift; sourceTree = "<group>"; };
		6362B0E32C1888D800B08791 /* Location.swift */ = {isa = PBXFileReference; fileEncoding = 4; lastKnownFileType = sourcecode.swift; path = Location.swift; sourceTree = "<group>"; };
		639217872C1C3FC0005274C4 /* LocationUseCase.swift */ = {isa = PBXFileReference; lastKnownFileType = sourcecode.swift; path = LocationUseCase.swift; sourceTree = "<group>"; };
		639217892C1C58FD005274C4 /* Date+Utils.swift */ = {isa = PBXFileReference; lastKnownFileType = sourcecode.swift; path = "Date+Utils.swift"; sourceTree = "<group>"; };
		63C3EB5C2B939D7F0052D13D /* StoreDataProvider.swift */ = {isa = PBXFileReference; lastKnownFileType = sourcecode.swift; path = StoreDataProvider.swift; sourceTree = "<group>"; };
		63D74F822C19B73100F6D181 /* TransformationCollectionViewCell.swift */ = {isa = PBXFileReference; lastKnownFileType = sourcecode.swift; path = TransformationCollectionViewCell.swift; sourceTree = "<group>"; };
		63D74F832C19B73100F6D181 /* TransformationCollectionViewCell.xib */ = {isa = PBXFileReference; lastKnownFileType = file.xib; path = TransformationCollectionViewCell.xib; sourceTree = "<group>"; };
/* End PBXFileReference section */

/* Begin PBXFrameworksBuildPhase section */
		63130C3E2B8E050400FCC11D /* Frameworks */ = {
			isa = PBXFrameworksBuildPhase;
			buildActionMask = 2147483647;
			files = (
				6362B0D82C18857600B08791 /* Kingfisher in Frameworks */,
				6362B0D52C18856E00B08791 /* KeychainSwift in Frameworks */,
			);
			runOnlyForDeploymentPostprocessing = 0;
		};
		63130C542B8E050800FCC11D /* Frameworks */ = {
			isa = PBXFrameworksBuildPhase;
			buildActionMask = 2147483647;
			files = (
			);
			runOnlyForDeploymentPostprocessing = 0;
		};
		63130C5E2B8E050800FCC11D /* Frameworks */ = {
			isa = PBXFrameworksBuildPhase;
			buildActionMask = 2147483647;
			files = (
			);
			runOnlyForDeploymentPostprocessing = 0;
		};
/* End PBXFrameworksBuildPhase section */

/* Begin PBXGroup section */
		63130C382B8E050400FCC11D = {
			isa = PBXGroup;
			children = (
				63130C432B8E050400FCC11D /* Practica_IOS_Avanzado */,
				63130C5A2B8E050800FCC11D /* Practica_IOS_AvanzadoTests */,
				63130C642B8E050800FCC11D /* Practica_IOS_AvanzadoUITests */,
				63130C422B8E050400FCC11D /* Products */,
			);
			sourceTree = "<group>";
		};
		63130C422B8E050400FCC11D /* Products */ = {
			isa = PBXGroup;
			children = (
				63130C412B8E050400FCC11D /* Practica_IOS_Avanzado.app */,
				63130C572B8E050800FCC11D /* Practica_IOS_AvanzadoTests.xctest */,
				63130C612B8E050800FCC11D /* Practica_IOS_AvanzadoUITests.xctest */,
			);
			name = Products;
			sourceTree = "<group>";
		};
		63130C432B8E050400FCC11D /* Practica_IOS_Avanzado */ = {
			isa = PBXGroup;
			children = (
				63462B682C18807700154F83 /* Views */,
				63462B392C18804600154F83 /* Local */,
				63462B312C187FF400154F83 /* UseCases */,
				63130C742B8E060F00FCC11D /* Data */,
				63130C442B8E050400FCC11D /* AppDelegate.swift */,
				63130C462B8E050400FCC11D /* SceneDelegate.swift */,
				63130C4D2B8E050700FCC11D /* Assets.xcassets */,
				63130C4F2B8E050700FCC11D /* LaunchScreen.storyboard */,
				63130C522B8E050700FCC11D /* Info.plist */,
			);
			path = Practica_IOS_Avanzado;
			sourceTree = "<group>";
		};
		63130C5A2B8E050800FCC11D /* Practica_IOS_AvanzadoTests */ = {
			isa = PBXGroup;
			children = (
				632BAE302C25850C006474F5 /* Data */,
				632BAE2B2C25850C006474F5 /* Mocks */,
				632BAE3A2C25850C006474F5 /* ViewModels */,
			);
			path = Practica_IOS_AvanzadoTests;
			sourceTree = "<group>";
		};
		63130C642B8E050800FCC11D /* Practica_IOS_AvanzadoUITests */ = {
			isa = PBXGroup;
			children = (
				63130C652B8E050800FCC11D /* Practica_IOS_AvanzadoUITests.swift */,
				63130C672B8E050800FCC11D /* Practica_IOS_AvanzadoUITestsLaunchTests.swift */,
			);
			path = Practica_IOS_AvanzadoUITests;
			sourceTree = "<group>";
		};
		63130C742B8E060F00FCC11D /* Data */ = {
			isa = PBXGroup;
			children = (
				63130CD52B91F97300FCC11D /* CoreData */,
				63130C7A2B8E063E00FCC11D /* Model */,
				63130C762B8E063900FCC11D /* ApiProvider.swift */,
				6362B0E12C18877E00B08791 /* NetworkError.swift */,
				63130C7B2B8E065B00FCC11D /* SecureDataKeychain.swift */,
			);
			path = Data;
			sourceTree = "<group>";
		};
		63130C7A2B8E063E00FCC11D /* Model */ = {
			isa = PBXGroup;
			children = (
				6362B0D92C18871900B08791 /* HeroModel.swift */,
				6362B0DC2C18871900B08791 /* LoginStatusLoad.swift */,
				6362B0DB2C18871900B08791 /* StatusLoad.swift */,
				6362B0DA2C18871900B08791 /* TransformationModel.swift */,
				63130CB22B8E07AB00FCC11D /* HeroAnnotation.swift */,
				6362B0E32C1888D800B08791 /* Location.swift */,
			);
			path = Model;
			sourceTree = "<group>";
		};
		63130C8B2B8E06B500FCC11D /* SplashAndLogin */ = {
			isa = PBXGroup;
			children = (
				63130C8E2B8E073900FCC11D /* SplashViewController.swift */,
				63130C8F2B8E073900FCC11D /* SplashViewController.xib */,
				63130C962B8E075100FCC11D /* LoginController.swift */,
				63130C9E2B8E076100FCC11D /* LoginViewModel.swift */,
				63130C972B8E075100FCC11D /* LoginController.xib */,
			);
			path = SplashAndLogin;
			sourceTree = "<group>";
		};
		63130CD52B91F97300FCC11D /* CoreData */ = {
			isa = PBXGroup;
			children = (
				63130CDE2B91FAE300FCC11D /* NSMTransformation.swift */,
				63130CE02B91FAE300FCC11D /* NSMLocation.swift */,
				63130CD62B91FA7900FCC11D /* NSMHero.swift */,
				63130CD02B91F4FD00FCC11D /* Model.xcdatamodeld */,
				63C3EB5C2B939D7F0052D13D /* StoreDataProvider.swift */,
			);
			path = CoreData;
			sourceTree = "<group>";
		};
		632BAE2B2C25850C006474F5 /* Mocks */ = {
			isa = PBXGroup;
			children = (
				632BAE262C25850C006474F5 /* heroes.json */,
				632BAE272C25850C006474F5 /* locations.json */,
				632BAE282C25850C006474F5 /* SecureDataProviderMock.swift */,
				632BAE292C25850C006474F5 /* MockURLProtocol.swift */,
				632BAE2A2C25850C006474F5 /* transformations.json */,
				63016C912C25D52B000D1CB2 /* ApiProviderMock.swift */,
			);
			path = Mocks;
			sourceTree = "<group>";
		};
		632BAE302C25850C006474F5 /* Data */ = {
			isa = PBXGroup;
			children = (
				632BAE2E2C25850C006474F5 /* ApiProviderTests.swift */,
				632BAE2F2C25850C006474F5 /* StoreDataProviderTests.swift */,
			);
			path = Data;
			sourceTree = "<group>";
		};
		632BAE3A2C25850C006474F5 /* ViewModels */ = {
			isa = PBXGroup;
			children = (
				632BAE362C25850C006474F5 /* HeroDetailViewModelTests.swift */,
				632BAE382C25850C006474F5 /* HomeViewModelTests.swift */,
				632BAE392C25850C006474F5 /* LoginViewModelTests.swift */,
			);
			path = ViewModels;
			sourceTree = "<group>";
		};
		63462B312C187FF400154F83 /* UseCases */ = {
			isa = PBXGroup;
			children = (
				63462B2D2C187FF400154F83 /* HeroDetailUseCase.swift */,
				63462B2E2C187FF400154F83 /* HeroesUseCase.swift */,
				639217872C1C3FC0005274C4 /* LocationUseCase.swift */,
				63462B302C187FF400154F83 /* TransformationTableUseCase.swift */,
			);
			path = UseCases;
			sourceTree = "<group>";
		};
		63462B392C18804600154F83 /* Local */ = {
			isa = PBXGroup;
			children = (
				63462B362C18804600154F83 /* String+Utils.swift */,
				63462B372C18804600154F83 /* UIImageView+Remote.swift */,
				639217892C1C58FD005274C4 /* Date+Utils.swift */,
			);
			path = Local;
			sourceTree = "<group>";
		};
		63462B522C18807700154F83 /* HeroDetail */ = {
			isa = PBXGroup;
			children = (
				63D74F812C19B6F500F6D181 /* TransformationCollectionViewCell */,
				63130CB62B8E07B800FCC11D /* HeroAnnotationView.swift */,
				63462B3D2C18806E00154F83 /* HeroDetailViewModel.swift */,
				63462B502C18807700154F83 /* HeroDetailViewController.swift */,
				63462B512C18807700154F83 /* HeroDetailViewController.xib */,
			);
			path = HeroDetail;
			sourceTree = "<group>";
		};
		63462B552C18807700154F83 /* HeroTableViewCell */ = {
			isa = PBXGroup;
			children = (
				63462B532C18807700154F83 /* HeroTableViewCell.swift */,
				63462B542C18807700154F83 /* HeroTableViewCell.xib */,
			);
			path = HeroTableViewCell;
			sourceTree = "<group>";
		};
		63462B582C18807700154F83 /* Home */ = {
			isa = PBXGroup;
			children = (
				63462B552C18807700154F83 /* HeroTableViewCell */,
				63462B562C18807700154F83 /* HomeTableViewController.swift */,
				63462B3F2C18806E00154F83 /* HomeViewModel.swift */,
				63462B572C18807700154F83 /* HomeTableViewController.xib */,
			);
			path = Home;
			sourceTree = "<group>";
		};
		63462B612C18807700154F83 /* TransformationDetail */ = {
			isa = PBXGroup;
			children = (
				63462B5F2C18807700154F83 /* TransformationDetailViewController.swift */,
				63462B452C18806E00154F83 /* TransformationDetailViewModel.swift */,
				63462B602C18807700154F83 /* TransformationDetailViewController.xib */,
			);
			path = TransformationDetail;
			sourceTree = "<group>";
		};
		63462B682C18807700154F83 /* Views */ = {
			isa = PBXGroup;
			children = (
				63462B522C18807700154F83 /* HeroDetail */,
				63462B582C18807700154F83 /* Home */,
				63130C8B2B8E06B500FCC11D /* SplashAndLogin */,
				63462B612C18807700154F83 /* TransformationDetail */,
			);
			path = Views;
			sourceTree = "<group>";
		};
		63D74F812C19B6F500F6D181 /* TransformationCollectionViewCell */ = {
			isa = PBXGroup;
			children = (
				63D74F822C19B73100F6D181 /* TransformationCollectionViewCell.swift */,
				63D74F832C19B73100F6D181 /* TransformationCollectionViewCell.xib */,
			);
			path = TransformationCollectionViewCell;
			sourceTree = "<group>";
		};
/* End PBXGroup section */

/* Begin PBXNativeTarget section */
		63130C402B8E050400FCC11D /* Practica_IOS_Avanzado */ = {
			isa = PBXNativeTarget;
			buildConfigurationList = 63130C6B2B8E050800FCC11D /* Build configuration list for PBXNativeTarget "Practica_IOS_Avanzado" */;
			buildPhases = (
				63130C3D2B8E050400FCC11D /* Sources */,
				63130C3E2B8E050400FCC11D /* Frameworks */,
				63130C3F2B8E050400FCC11D /* Resources */,
			);
			buildRules = (
			);
			dependencies = (
			);
			name = Practica_IOS_Avanzado;
			packageProductDependencies = (
				6362B0D42C18856E00B08791 /* KeychainSwift */,
				6362B0D72C18857600B08791 /* Kingfisher */,
			);
			productName = Practica_IOS_Avanzado;
			productReference = 63130C412B8E050400FCC11D /* Practica_IOS_Avanzado.app */;
			productType = "com.apple.product-type.application";
		};
		63130C562B8E050800FCC11D /* Practica_IOS_AvanzadoTests */ = {
			isa = PBXNativeTarget;
			buildConfigurationList = 63130C6E2B8E050800FCC11D /* Build configuration list for PBXNativeTarget "Practica_IOS_AvanzadoTests" */;
			buildPhases = (
				63130C532B8E050800FCC11D /* Sources */,
				63130C542B8E050800FCC11D /* Frameworks */,
				63130C552B8E050800FCC11D /* Resources */,
			);
			buildRules = (
			);
			dependencies = (
				63130C592B8E050800FCC11D /* PBXTargetDependency */,
			);
			name = Practica_IOS_AvanzadoTests;
			productName = Practica_IOS_AvanzadoTests;
			productReference = 63130C572B8E050800FCC11D /* Practica_IOS_AvanzadoTests.xctest */;
			productType = "com.apple.product-type.bundle.unit-test";
		};
		63130C602B8E050800FCC11D /* Practica_IOS_AvanzadoUITests */ = {
			isa = PBXNativeTarget;
			buildConfigurationList = 63130C712B8E050800FCC11D /* Build configuration list for PBXNativeTarget "Practica_IOS_AvanzadoUITests" */;
			buildPhases = (
				63130C5D2B8E050800FCC11D /* Sources */,
				63130C5E2B8E050800FCC11D /* Frameworks */,
				63130C5F2B8E050800FCC11D /* Resources */,
			);
			buildRules = (
			);
			dependencies = (
				63130C632B8E050800FCC11D /* PBXTargetDependency */,
			);
			name = Practica_IOS_AvanzadoUITests;
			productName = Practica_IOS_AvanzadoUITests;
			productReference = 63130C612B8E050800FCC11D /* Practica_IOS_AvanzadoUITests.xctest */;
			productType = "com.apple.product-type.bundle.ui-testing";
		};
/* End PBXNativeTarget section */

/* Begin PBXProject section */
		63130C392B8E050400FCC11D /* Project object */ = {
			isa = PBXProject;
			attributes = {
				BuildIndependentTargetsInParallel = 1;
				LastSwiftUpdateCheck = 1520;
				LastUpgradeCheck = 1520;
				TargetAttributes = {
					63130C402B8E050400FCC11D = {
						CreatedOnToolsVersion = 15.2;
					};
					63130C562B8E050800FCC11D = {
						CreatedOnToolsVersion = 15.2;
						TestTargetID = 63130C402B8E050400FCC11D;
					};
					63130C602B8E050800FCC11D = {
						CreatedOnToolsVersion = 15.2;
						TestTargetID = 63130C402B8E050400FCC11D;
					};
				};
			};
			buildConfigurationList = 63130C3C2B8E050400FCC11D /* Build configuration list for PBXProject "Practica_IOS_Avanzado" */;
			compatibilityVersion = "Xcode 14.0";
			developmentRegion = en;
			hasScannedForEncodings = 0;
			knownRegions = (
				en,
				Base,
			);
			mainGroup = 63130C382B8E050400FCC11D;
			packageReferences = (
				6362B0D32C18856E00B08791 /* XCRemoteSwiftPackageReference "keychain-swift" */,
				6362B0D62C18857600B08791 /* XCRemoteSwiftPackageReference "Kingfisher" */,
			);
			productRefGroup = 63130C422B8E050400FCC11D /* Products */;
			projectDirPath = "";
			projectRoot = "";
			targets = (
				63130C402B8E050400FCC11D /* Practica_IOS_Avanzado */,
				63130C562B8E050800FCC11D /* Practica_IOS_AvanzadoTests */,
				63130C602B8E050800FCC11D /* Practica_IOS_AvanzadoUITests */,
			);
		};
/* End PBXProject section */

/* Begin PBXResourcesBuildPhase section */
		63130C3F2B8E050400FCC11D /* Resources */ = {
			isa = PBXResourcesBuildPhase;
			buildActionMask = 2147483647;
			files = (
				63462B832C18835300154F83 /* HomeTableViewController.xib in Resources */,
				63462B842C18835300154F83 /* TransformationDetailViewController.xib in Resources */,
				63D74F852C19B73100F6D181 /* TransformationCollectionViewCell.xib in Resources */,
				63462B872C18835300154F83 /* HeroTableViewCell.xib in Resources */,
				63130C512B8E050700FCC11D /* LaunchScreen.storyboard in Resources */,
				63130C9B2B8E075100FCC11D /* LoginController.xib in Resources */,
				63462B6A2C18807700154F83 /* HeroDetailViewController.xib in Resources */,
				63130C932B8E073900FCC11D /* SplashViewController.xib in Resources */,
				63130C4E2B8E050700FCC11D /* Assets.xcassets in Resources */,
			);
			runOnlyForDeploymentPostprocessing = 0;
		};
		63130C552B8E050800FCC11D /* Resources */ = {
			isa = PBXResourcesBuildPhase;
			buildActionMask = 2147483647;
			files = (
				632BAE3D2C25850C006474F5 /* locations.json in Resources */,
				632BAE3C2C25850C006474F5 /* heroes.json in Resources */,
				632BAE402C25850C006474F5 /* transformations.json in Resources */,
			);
			runOnlyForDeploymentPostprocessing = 0;
		};
		63130C5F2B8E050800FCC11D /* Resources */ = {
			isa = PBXResourcesBuildPhase;
			buildActionMask = 2147483647;
			files = (
			);
			runOnlyForDeploymentPostprocessing = 0;
		};
/* End PBXResourcesBuildPhase section */

/* Begin PBXSourcesBuildPhase section */
		63130C3D2B8E050400FCC11D /* Sources */ = {
			isa = PBXSourcesBuildPhase;
			buildActionMask = 2147483647;
			files = (
				63130C772B8E063900FCC11D /* ApiProvider.swift in Sources */,
				6362B0E42C1888D800B08791 /* Location.swift in Sources */,
				6362B0E22C18877E00B08791 /* NetworkError.swift in Sources */,
				63130C452B8E050400FCC11D /* AppDelegate.swift in Sources */,
				63130C7C2B8E065B00FCC11D /* SecureDataKeychain.swift in Sources */,
				63130CD22B91F4FD00FCC11D /* Model.xcdatamodeld in Sources */,
				63130CD82B91FA7900FCC11D /* NSMHero.swift in Sources */,
				639217882C1C3FC0005274C4 /* LocationUseCase.swift in Sources */,
				639217862C1C3BB9005274C4 /* HeroAnnotationView.swift in Sources */,
				63462B352C187FF400154F83 /* TransformationTableUseCase.swift in Sources */,
				63130C472B8E050400FCC11D /* SceneDelegate.swift in Sources */,
				63130C982B8E075100FCC11D /* LoginController.swift in Sources */,
				63462B322C187FF400154F83 /* HeroDetailUseCase.swift in Sources */,
				63462B4B2C18806E00154F83 /* HomeViewModel.swift in Sources */,
				63130CE82B91FAE300FCC11D /* NSMLocation.swift in Sources */,
				63462B3A2C18804600154F83 /* String+Utils.swift in Sources */,
				63462B4E2C18806E00154F83 /* TransformationDetailViewModel.swift in Sources */,
				6362B0DF2C18871900B08791 /* StatusLoad.swift in Sources */,
				63130C9F2B8E076100FCC11D /* LoginViewModel.swift in Sources */,
				63130CE22B91FAE300FCC11D /* NSMTransformation.swift in Sources */,
				63C3EB5D2B939D7F0052D13D /* StoreDataProvider.swift in Sources */,
				63462B332C187FF400154F83 /* HeroesUseCase.swift in Sources */,
				63462B4A2C18806E00154F83 /* HeroDetailViewModel.swift in Sources */,
				6362B0E02C18871900B08791 /* LoginStatusLoad.swift in Sources */,
				639217852C1C39BA005274C4 /* HeroAnnotation.swift in Sources */,
				6362B0DD2C18871900B08791 /* HeroModel.swift in Sources */,
				63130C902B8E073900FCC11D /* SplashViewController.swift in Sources */,
				6362B0D12C18843800B08791 /* UIImageView+Remote.swift in Sources */,
				63462B7F2C18835300154F83 /* HomeTableViewController.swift in Sources */,
				63462B802C18835300154F83 /* HeroTableViewCell.swift in Sources */,
				6362B0DE2C18871900B08791 /* TransformationModel.swift in Sources */,
				63462B822C18835300154F83 /* TransformationDetailViewController.swift in Sources */,
				63462B692C18807700154F83 /* HeroDetailViewController.swift in Sources */,
				63D74F842C19B73100F6D181 /* TransformationCollectionViewCell.swift in Sources */,
				6392178A2C1C58FD005274C4 /* Date+Utils.swift in Sources */,
			);
			runOnlyForDeploymentPostprocessing = 0;
		};
		63130C532B8E050800FCC11D /* Sources */ = {
			isa = PBXSourcesBuildPhase;
			buildActionMask = 2147483647;
			files = (
				63016C902C25D45C000D1CB2 /* LoginViewModelTests.swift in Sources */,
				632359882C298A320048528D /* HeroDetailViewModelTests.swift in Sources */,
				632359842C2979210048528D /* HomeViewModelTests.swift in Sources */,
				63016C8F2C25CE5B000D1CB2 /* StoreDataProviderTests.swift in Sources */,
				632BAE3F2C25850C006474F5 /* MockURLProtocol.swift in Sources */,
				63016C922C25D52B000D1CB2 /* ApiProviderMock.swift in Sources */,
				632BAE3E2C25850C006474F5 /* SecureDataProviderMock.swift in Sources */,
				632BAE422C25850C006474F5 /* ApiProviderTests.swift in Sources */,
			);
			runOnlyForDeploymentPostprocessing = 0;
		};
		63130C5D2B8E050800FCC11D /* Sources */ = {
			isa = PBXSourcesBuildPhase;
			buildActionMask = 2147483647;
			files = (
				63130C662B8E050800FCC11D /* Practica_IOS_AvanzadoUITests.swift in Sources */,
				63130C682B8E050800FCC11D /* Practica_IOS_AvanzadoUITestsLaunchTests.swift in Sources */,
			);
			runOnlyForDeploymentPostprocessing = 0;
		};
/* End PBXSourcesBuildPhase section */

/* Begin PBXTargetDependency section */
		63130C592B8E050800FCC11D /* PBXTargetDependency */ = {
			isa = PBXTargetDependency;
			target = 63130C402B8E050400FCC11D /* Practica_IOS_Avanzado */;
			targetProxy = 63130C582B8E050800FCC11D /* PBXContainerItemProxy */;
		};
		63130C632B8E050800FCC11D /* PBXTargetDependency */ = {
			isa = PBXTargetDependency;
			target = 63130C402B8E050400FCC11D /* Practica_IOS_Avanzado */;
			targetProxy = 63130C622B8E050800FCC11D /* PBXContainerItemProxy */;
		};
/* End PBXTargetDependency section */

/* Begin PBXVariantGroup section */
		63130C4F2B8E050700FCC11D /* LaunchScreen.storyboard */ = {
			isa = PBXVariantGroup;
			children = (
				63130C502B8E050700FCC11D /* Base */,
			);
			name = LaunchScreen.storyboard;
			sourceTree = "<group>";
		};
/* End PBXVariantGroup section */

/* Begin XCBuildConfiguration section */
		63130C692B8E050800FCC11D /* Debug */ = {
			isa = XCBuildConfiguration;
			buildSettings = {
				ALWAYS_SEARCH_USER_PATHS = NO;
				ASSETCATALOG_COMPILER_GENERATE_SWIFT_ASSET_SYMBOL_EXTENSIONS = YES;
				CLANG_ANALYZER_NONNULL = YES;
				CLANG_ANALYZER_NUMBER_OBJECT_CONVERSION = YES_AGGRESSIVE;
				CLANG_CXX_LANGUAGE_STANDARD = "gnu++20";
				CLANG_ENABLE_MODULES = YES;
				CLANG_ENABLE_OBJC_ARC = YES;
				CLANG_ENABLE_OBJC_WEAK = YES;
				CLANG_WARN_BLOCK_CAPTURE_AUTORELEASING = YES;
				CLANG_WARN_BOOL_CONVERSION = YES;
				CLANG_WARN_COMMA = YES;
				CLANG_WARN_CONSTANT_CONVERSION = YES;
				CLANG_WARN_DEPRECATED_OBJC_IMPLEMENTATIONS = YES;
				CLANG_WARN_DIRECT_OBJC_ISA_USAGE = YES_ERROR;
				CLANG_WARN_DOCUMENTATION_COMMENTS = YES;
				CLANG_WARN_EMPTY_BODY = YES;
				CLANG_WARN_ENUM_CONVERSION = YES;
				CLANG_WARN_INFINITE_RECURSION = YES;
				CLANG_WARN_INT_CONVERSION = YES;
				CLANG_WARN_NON_LITERAL_NULL_CONVERSION = YES;
				CLANG_WARN_OBJC_IMPLICIT_RETAIN_SELF = YES;
				CLANG_WARN_OBJC_LITERAL_CONVERSION = YES;
				CLANG_WARN_OBJC_ROOT_CLASS = YES_ERROR;
				CLANG_WARN_QUOTED_INCLUDE_IN_FRAMEWORK_HEADER = YES;
				CLANG_WARN_RANGE_LOOP_ANALYSIS = YES;
				CLANG_WARN_STRICT_PROTOTYPES = YES;
				CLANG_WARN_SUSPICIOUS_MOVE = YES;
				CLANG_WARN_UNGUARDED_AVAILABILITY = YES_AGGRESSIVE;
				CLANG_WARN_UNREACHABLE_CODE = YES;
				CLANG_WARN__DUPLICATE_METHOD_MATCH = YES;
				COPY_PHASE_STRIP = NO;
				DEBUG_INFORMATION_FORMAT = dwarf;
				ENABLE_STRICT_OBJC_MSGSEND = YES;
				ENABLE_TESTABILITY = YES;
				ENABLE_USER_SCRIPT_SANDBOXING = YES;
				GCC_C_LANGUAGE_STANDARD = gnu17;
				GCC_DYNAMIC_NO_PIC = NO;
				GCC_NO_COMMON_BLOCKS = YES;
				GCC_OPTIMIZATION_LEVEL = 0;
				GCC_PREPROCESSOR_DEFINITIONS = (
					"DEBUG=1",
					"$(inherited)",
				);
				GCC_WARN_64_TO_32_BIT_CONVERSION = YES;
				GCC_WARN_ABOUT_RETURN_TYPE = YES_ERROR;
				GCC_WARN_UNDECLARED_SELECTOR = YES;
				GCC_WARN_UNINITIALIZED_AUTOS = YES_AGGRESSIVE;
				GCC_WARN_UNUSED_FUNCTION = YES;
				GCC_WARN_UNUSED_VARIABLE = YES;
				IPHONEOS_DEPLOYMENT_TARGET = 17.2;
				LOCALIZATION_PREFERS_STRING_CATALOGS = YES;
				MTL_ENABLE_DEBUG_INFO = INCLUDE_SOURCE;
				MTL_FAST_MATH = YES;
				ONLY_ACTIVE_ARCH = YES;
				SDKROOT = iphoneos;
				SWIFT_ACTIVE_COMPILATION_CONDITIONS = "DEBUG $(inherited)";
				SWIFT_OPTIMIZATION_LEVEL = "-Onone";
			};
			name = Debug;
		};
		63130C6A2B8E050800FCC11D /* Release */ = {
			isa = XCBuildConfiguration;
			buildSettings = {
				ALWAYS_SEARCH_USER_PATHS = NO;
				ASSETCATALOG_COMPILER_GENERATE_SWIFT_ASSET_SYMBOL_EXTENSIONS = YES;
				CLANG_ANALYZER_NONNULL = YES;
				CLANG_ANALYZER_NUMBER_OBJECT_CONVERSION = YES_AGGRESSIVE;
				CLANG_CXX_LANGUAGE_STANDARD = "gnu++20";
				CLANG_ENABLE_MODULES = YES;
				CLANG_ENABLE_OBJC_ARC = YES;
				CLANG_ENABLE_OBJC_WEAK = YES;
				CLANG_WARN_BLOCK_CAPTURE_AUTORELEASING = YES;
				CLANG_WARN_BOOL_CONVERSION = YES;
				CLANG_WARN_COMMA = YES;
				CLANG_WARN_CONSTANT_CONVERSION = YES;
				CLANG_WARN_DEPRECATED_OBJC_IMPLEMENTATIONS = YES;
				CLANG_WARN_DIRECT_OBJC_ISA_USAGE = YES_ERROR;
				CLANG_WARN_DOCUMENTATION_COMMENTS = YES;
				CLANG_WARN_EMPTY_BODY = YES;
				CLANG_WARN_ENUM_CONVERSION = YES;
				CLANG_WARN_INFINITE_RECURSION = YES;
				CLANG_WARN_INT_CONVERSION = YES;
				CLANG_WARN_NON_LITERAL_NULL_CONVERSION = YES;
				CLANG_WARN_OBJC_IMPLICIT_RETAIN_SELF = YES;
				CLANG_WARN_OBJC_LITERAL_CONVERSION = YES;
				CLANG_WARN_OBJC_ROOT_CLASS = YES_ERROR;
				CLANG_WARN_QUOTED_INCLUDE_IN_FRAMEWORK_HEADER = YES;
				CLANG_WARN_RANGE_LOOP_ANALYSIS = YES;
				CLANG_WARN_STRICT_PROTOTYPES = YES;
				CLANG_WARN_SUSPICIOUS_MOVE = YES;
				CLANG_WARN_UNGUARDED_AVAILABILITY = YES_AGGRESSIVE;
				CLANG_WARN_UNREACHABLE_CODE = YES;
				CLANG_WARN__DUPLICATE_METHOD_MATCH = YES;
				COPY_PHASE_STRIP = NO;
				DEBUG_INFORMATION_FORMAT = "dwarf-with-dsym";
				ENABLE_NS_ASSERTIONS = NO;
				ENABLE_STRICT_OBJC_MSGSEND = YES;
				ENABLE_USER_SCRIPT_SANDBOXING = YES;
				GCC_C_LANGUAGE_STANDARD = gnu17;
				GCC_NO_COMMON_BLOCKS = YES;
				GCC_WARN_64_TO_32_BIT_CONVERSION = YES;
				GCC_WARN_ABOUT_RETURN_TYPE = YES_ERROR;
				GCC_WARN_UNDECLARED_SELECTOR = YES;
				GCC_WARN_UNINITIALIZED_AUTOS = YES_AGGRESSIVE;
				GCC_WARN_UNUSED_FUNCTION = YES;
				GCC_WARN_UNUSED_VARIABLE = YES;
				IPHONEOS_DEPLOYMENT_TARGET = 17.2;
				LOCALIZATION_PREFERS_STRING_CATALOGS = YES;
				MTL_ENABLE_DEBUG_INFO = NO;
				MTL_FAST_MATH = YES;
				SDKROOT = iphoneos;
				SWIFT_COMPILATION_MODE = wholemodule;
				VALIDATE_PRODUCT = YES;
			};
			name = Release;
		};
		63130C6C2B8E050800FCC11D /* Debug */ = {
			isa = XCBuildConfiguration;
			buildSettings = {
				ASSETCATALOG_COMPILER_APPICON_NAME = AppIcon;
				ASSETCATALOG_COMPILER_GLOBAL_ACCENT_COLOR_NAME = AccentColor;
				CODE_SIGN_STYLE = Automatic;
				CURRENT_PROJECT_VERSION = 1;
				DEVELOPMENT_TEAM = 3GUXS6Q4R7;
				GENERATE_INFOPLIST_FILE = YES;
				INFOPLIST_FILE = Practica_IOS_Avanzado/Info.plist;
				INFOPLIST_KEY_NSLocationWhenInUseUsageDescription = "Necesito conocer tu ubicacion para mostrarla en el mapa";
				INFOPLIST_KEY_UIApplicationSupportsIndirectInputEvents = YES;
				INFOPLIST_KEY_UILaunchStoryboardName = LaunchScreen;
				INFOPLIST_KEY_UISupportedInterfaceOrientations_iPad = "UIInterfaceOrientationPortrait UIInterfaceOrientationPortraitUpsideDown UIInterfaceOrientationLandscapeLeft UIInterfaceOrientationLandscapeRight";
				INFOPLIST_KEY_UISupportedInterfaceOrientations_iPhone = "UIInterfaceOrientationPortrait UIInterfaceOrientationLandscapeLeft UIInterfaceOrientationLandscapeRight";
				LD_RUNPATH_SEARCH_PATHS = (
					"$(inherited)",
					"@executable_path/Frameworks",
				);
				MARKETING_VERSION = 1.0;
				PRODUCT_BUNDLE_IDENTIFIER = "com.davidortega.Practica-IOS-Avanzado";
				PRODUCT_NAME = "$(TARGET_NAME)";
				SWIFT_EMIT_LOC_STRINGS = YES;
				SWIFT_VERSION = 5.0;
				TARGETED_DEVICE_FAMILY = "1,2";
			};
			name = Debug;
		};
		63130C6D2B8E050800FCC11D /* Release */ = {
			isa = XCBuildConfiguration;
			buildSettings = {
				ASSETCATALOG_COMPILER_APPICON_NAME = AppIcon;
				ASSETCATALOG_COMPILER_GLOBAL_ACCENT_COLOR_NAME = AccentColor;
				CODE_SIGN_STYLE = Automatic;
				CURRENT_PROJECT_VERSION = 1;
				DEVELOPMENT_TEAM = 3GUXS6Q4R7;
				GENERATE_INFOPLIST_FILE = YES;
				INFOPLIST_FILE = Practica_IOS_Avanzado/Info.plist;
				INFOPLIST_KEY_NSLocationWhenInUseUsageDescription = "Necesito conocer tu ubicacion para mostrarla en el mapa";
				INFOPLIST_KEY_UIApplicationSupportsIndirectInputEvents = YES;
				INFOPLIST_KEY_UILaunchStoryboardName = LaunchScreen;
				INFOPLIST_KEY_UISupportedInterfaceOrientations_iPad = "UIInterfaceOrientationPortrait UIInterfaceOrientationPortraitUpsideDown UIInterfaceOrientationLandscapeLeft UIInterfaceOrientationLandscapeRight";
				INFOPLIST_KEY_UISupportedInterfaceOrientations_iPhone = "UIInterfaceOrientationPortrait UIInterfaceOrientationLandscapeLeft UIInterfaceOrientationLandscapeRight";
				LD_RUNPATH_SEARCH_PATHS = (
					"$(inherited)",
					"@executable_path/Frameworks",
				);
				MARKETING_VERSION = 1.0;
				PRODUCT_BUNDLE_IDENTIFIER = "com.davidortega.Practica-IOS-Avanzado";
				PRODUCT_NAME = "$(TARGET_NAME)";
				SWIFT_EMIT_LOC_STRINGS = YES;
				SWIFT_VERSION = 5.0;
				TARGETED_DEVICE_FAMILY = "1,2";
			};
			name = Release;
		};
		63130C6F2B8E050800FCC11D /* Debug */ = {
			isa = XCBuildConfiguration;
			buildSettings = {
				ALWAYS_EMBED_SWIFT_STANDARD_LIBRARIES = YES;
				BUNDLE_LOADER = "$(TEST_HOST)";
				CODE_SIGN_STYLE = Automatic;
				CURRENT_PROJECT_VERSION = 1;
				DEVELOPMENT_TEAM = 3GUXS6Q4R7;
				GENERATE_INFOPLIST_FILE = YES;
				IPHONEOS_DEPLOYMENT_TARGET = 17.2;
				MARKETING_VERSION = 1.0;
				PRODUCT_BUNDLE_IDENTIFIER = "com.davidortega.Practica-IOS-AvanzadoTests";
				PRODUCT_NAME = "$(TARGET_NAME)";
				SWIFT_EMIT_LOC_STRINGS = NO;
				SWIFT_VERSION = 5.0;
				TARGETED_DEVICE_FAMILY = "1,2";
				TEST_HOST = "$(BUILT_PRODUCTS_DIR)/Practica_IOS_Avanzado.app/$(BUNDLE_EXECUTABLE_FOLDER_PATH)/Practica_IOS_Avanzado";
			};
			name = Debug;
		};
		63130C702B8E050800FCC11D /* Release */ = {
			isa = XCBuildConfiguration;
			buildSettings = {
				ALWAYS_EMBED_SWIFT_STANDARD_LIBRARIES = YES;
				BUNDLE_LOADER = "$(TEST_HOST)";
				CODE_SIGN_STYLE = Automatic;
				CURRENT_PROJECT_VERSION = 1;
				DEVELOPMENT_TEAM = 3GUXS6Q4R7;
				GENERATE_INFOPLIST_FILE = YES;
				IPHONEOS_DEPLOYMENT_TARGET = 17.2;
				MARKETING_VERSION = 1.0;
				PRODUCT_BUNDLE_IDENTIFIER = "com.davidortega.Practica-IOS-AvanzadoTests";
				PRODUCT_NAME = "$(TARGET_NAME)";
				SWIFT_EMIT_LOC_STRINGS = NO;
				SWIFT_VERSION = 5.0;
				TARGETED_DEVICE_FAMILY = "1,2";
				TEST_HOST = "$(BUILT_PRODUCTS_DIR)/Practica_IOS_Avanzado.app/$(BUNDLE_EXECUTABLE_FOLDER_PATH)/Practica_IOS_Avanzado";
			};
			name = Release;
		};
		63130C722B8E050800FCC11D /* Debug */ = {
			isa = XCBuildConfiguration;
			buildSettings = {
				ALWAYS_EMBED_SWIFT_STANDARD_LIBRARIES = YES;
				CODE_SIGN_STYLE = Automatic;
				CURRENT_PROJECT_VERSION = 1;
				DEVELOPMENT_TEAM = 3GUXS6Q4R7;
				GENERATE_INFOPLIST_FILE = YES;
				MARKETING_VERSION = 1.0;
				PRODUCT_BUNDLE_IDENTIFIER = "com.davidortega.Practica-IOS-AvanzadoUITests";
				PRODUCT_NAME = "$(TARGET_NAME)";
				SWIFT_EMIT_LOC_STRINGS = NO;
				SWIFT_VERSION = 5.0;
				TARGETED_DEVICE_FAMILY = "1,2";
				TEST_TARGET_NAME = Practica_IOS_Avanzado;
			};
			name = Debug;
		};
		63130C732B8E050800FCC11D /* Release */ = {
			isa = XCBuildConfiguration;
			buildSettings = {
				ALWAYS_EMBED_SWIFT_STANDARD_LIBRARIES = YES;
				CODE_SIGN_STYLE = Automatic;
				CURRENT_PROJECT_VERSION = 1;
				DEVELOPMENT_TEAM = 3GUXS6Q4R7;
				GENERATE_INFOPLIST_FILE = YES;
				MARKETING_VERSION = 1.0;
				PRODUCT_BUNDLE_IDENTIFIER = "com.davidortega.Practica-IOS-AvanzadoUITests";
				PRODUCT_NAME = "$(TARGET_NAME)";
				SWIFT_EMIT_LOC_STRINGS = NO;
				SWIFT_VERSION = 5.0;
				TARGETED_DEVICE_FAMILY = "1,2";
				TEST_TARGET_NAME = Practica_IOS_Avanzado;
			};
			name = Release;
		};
/* End XCBuildConfiguration section */

/* Begin XCConfigurationList section */
		63130C3C2B8E050400FCC11D /* Build configuration list for PBXProject "Practica_IOS_Avanzado" */ = {
			isa = XCConfigurationList;
			buildConfigurations = (
				63130C692B8E050800FCC11D /* Debug */,
				63130C6A2B8E050800FCC11D /* Release */,
			);
			defaultConfigurationIsVisible = 0;
			defaultConfigurationName = Release;
		};
		63130C6B2B8E050800FCC11D /* Build configuration list for PBXNativeTarget "Practica_IOS_Avanzado" */ = {
			isa = XCConfigurationList;
			buildConfigurations = (
				63130C6C2B8E050800FCC11D /* Debug */,
				63130C6D2B8E050800FCC11D /* Release */,
			);
			defaultConfigurationIsVisible = 0;
			defaultConfigurationName = Release;
		};
		63130C6E2B8E050800FCC11D /* Build configuration list for PBXNativeTarget "Practica_IOS_AvanzadoTests" */ = {
			isa = XCConfigurationList;
			buildConfigurations = (
				63130C6F2B8E050800FCC11D /* Debug */,
				63130C702B8E050800FCC11D /* Release */,
			);
			defaultConfigurationIsVisible = 0;
			defaultConfigurationName = Release;
		};
		63130C712B8E050800FCC11D /* Build configuration list for PBXNativeTarget "Practica_IOS_AvanzadoUITests" */ = {
			isa = XCConfigurationList;
			buildConfigurations = (
				63130C722B8E050800FCC11D /* Debug */,
				63130C732B8E050800FCC11D /* Release */,
			);
			defaultConfigurationIsVisible = 0;
			defaultConfigurationName = Release;
		};
/* End XCConfigurationList section */

/* Begin XCRemoteSwiftPackageReference section */
		6362B0D32C18856E00B08791 /* XCRemoteSwiftPackageReference "keychain-swift" */ = {
			isa = XCRemoteSwiftPackageReference;
			repositoryURL = "https://github.com/evgenyneu/keychain-swift.git";
			requirement = {
				kind = upToNextMajorVersion;
				minimumVersion = 24.0.0;
			};
		};
		6362B0D62C18857600B08791 /* XCRemoteSwiftPackageReference "Kingfisher" */ = {
			isa = XCRemoteSwiftPackageReference;
			repositoryURL = "https://github.com/onevcat/Kingfisher.git";
			requirement = {
				kind = upToNextMajorVersion;
				minimumVersion = 7.12.0;
			};
		};
/* End XCRemoteSwiftPackageReference section */

/* Begin XCSwiftPackageProductDependency section */
		6362B0D42C18856E00B08791 /* KeychainSwift */ = {
			isa = XCSwiftPackageProductDependency;
			package = 6362B0D32C18856E00B08791 /* XCRemoteSwiftPackageReference "keychain-swift" */;
			productName = KeychainSwift;
		};
		6362B0D72C18857600B08791 /* Kingfisher */ = {
			isa = XCSwiftPackageProductDependency;
			package = 6362B0D62C18857600B08791 /* XCRemoteSwiftPackageReference "Kingfisher" */;
			productName = Kingfisher;
		};
/* End XCSwiftPackageProductDependency section */

/* Begin XCVersionGroup section */
		63130CD02B91F4FD00FCC11D /* Model.xcdatamodeld */ = {
			isa = XCVersionGroup;
			children = (
				63130CD12B91F4FD00FCC11D /* Model.xcdatamodel */,
			);
			currentVersion = 63130CD12B91F4FD00FCC11D /* Model.xcdatamodel */;
			path = Model.xcdatamodeld;
			sourceTree = "<group>";
			versionGroupType = wrapper.xcdatamodel;
		};
/* End XCVersionGroup section */
	};
	rootObject = 63130C392B8E050400FCC11D /* Project object */;
}
